// !$*UTF8*$!
{
	archiveVersion = 1;
	classes = {
	};
	objectVersion = 50;
	objects = {

/* Begin PBXBuildFile section */
		75F2FB352350D74D006007D8 /* AppDelegate.m in Sources */ = {isa = PBXBuildFile; fileRef = 75F2FB342350D74D006007D8 /* AppDelegate.m */; };
		75F2FB382350D74D006007D8 /* SceneDelegate.m in Sources */ = {isa = PBXBuildFile; fileRef = 75F2FB372350D74D006007D8 /* SceneDelegate.m */; };
		75F2FB3E2350D74D006007D8 /* Main.storyboard in Resources */ = {isa = PBXBuildFile; fileRef = 75F2FB3C2350D74D006007D8 /* Main.storyboard */; };
		75F2FB402350D752006007D8 /* Assets.xcassets in Resources */ = {isa = PBXBuildFile; fileRef = 75F2FB3F2350D752006007D8 /* Assets.xcassets */; };
		75F2FB432350D752006007D8 /* LaunchScreen.storyboard in Resources */ = {isa = PBXBuildFile; fileRef = 75F2FB412350D752006007D8 /* LaunchScreen.storyboard */; };
		75F2FB462350D752006007D8 /* main.m in Sources */ = {isa = PBXBuildFile; fileRef = 75F2FB452350D752006007D8 /* main.m */; };
		75F2FB5F2350D877006007D8 /* BYArtist.m in Sources */ = {isa = PBXBuildFile; fileRef = 75F2FB5E2350D877006007D8 /* BYArtist.m */; };
		75F2FB622350D89C006007D8 /* BYArtist+BYNSJSONSerialization.m in Sources */ = {isa = PBXBuildFile; fileRef = 75F2FB612350D89C006007D8 /* BYArtist+BYNSJSONSerialization.m */; };
		75F2FB652350DA1B006007D8 /* BYArtistTest.m in Sources */ = {isa = PBXBuildFile; fileRef = 75F2FB642350DA1B006007D8 /* BYArtistTest.m */; };
		75F2FB6C2350DEBC006007D8 /* Artists.json in Resources */ = {isa = PBXBuildFile; fileRef = 75F2FB6B2350DEBC006007D8 /* Artists.json */; };
		75F2FB6F2350E3D0006007D8 /* BYArtist.h in Sources */ = {isa = PBXBuildFile; fileRef = 75F2FB5D2350D877006007D8 /* BYArtist.h */; };
		75F2FB702350E3D0006007D8 /* BYArtist.m in Sources */ = {isa = PBXBuildFile; fileRef = 75F2FB5E2350D877006007D8 /* BYArtist.m */; };
		75F2FB712350E3D0006007D8 /* BYArtist+BYNSJSONSerialization.h in Sources */ = {isa = PBXBuildFile; fileRef = 75F2FB602350D89C006007D8 /* BYArtist+BYNSJSONSerialization.h */; };
		75F2FB722350E3D0006007D8 /* BYArtist+BYNSJSONSerialization.m in Sources */ = {isa = PBXBuildFile; fileRef = 75F2FB612350D89C006007D8 /* BYArtist+BYNSJSONSerialization.m */; };
		75F2FB752350EB8E006007D8 /* BYFavoriteArtistsTableViewController.m in Sources */ = {isa = PBXBuildFile; fileRef = 75F2FB742350EB8E006007D8 /* BYFavoriteArtistsTableViewController.m */; };
		75F2FB782350ECFE006007D8 /* BYArtistViewController.m in Sources */ = {isa = PBXBuildFile; fileRef = 75F2FB772350ECFE006007D8 /* BYArtistViewController.m */; };
		75F2FB7B2350EDDE006007D8 /* BYArtistController.m in Sources */ = {isa = PBXBuildFile; fileRef = 75F2FB7A2350EDDE006007D8 /* BYArtistController.m */; };
		75F2FB7C2350F371006007D8 /* BYArtistController.h in Sources */ = {isa = PBXBuildFile; fileRef = 75F2FB792350EDDE006007D8 /* BYArtistController.h */; };
		75F2FB7D2350F371006007D8 /* BYArtistController.m in Sources */ = {isa = PBXBuildFile; fileRef = 75F2FB7A2350EDDE006007D8 /* BYArtistController.m */; };
/* End PBXBuildFile section */

/* Begin PBXContainerItemProxy section */
		75F2FB582350D7C0006007D8 /* PBXContainerItemProxy */ = {
			isa = PBXContainerItemProxy;
			containerPortal = 75F2FB282350D74D006007D8 /* Project object */;
			proxyType = 1;
			remoteGlobalIDString = 75F2FB2F2350D74D006007D8;
			remoteInfo = "Artist-objc";
		};
/* End PBXContainerItemProxy section */

/* Begin PBXFileReference section */
		75F2FB302350D74D006007D8 /* Artist-objc.app */ = {isa = PBXFileReference; explicitFileType = wrapper.application; includeInIndex = 0; path = "Artist-objc.app"; sourceTree = BUILT_PRODUCTS_DIR; };
		75F2FB332350D74D006007D8 /* AppDelegate.h */ = {isa = PBXFileReference; lastKnownFileType = sourcecode.c.h; path = AppDelegate.h; sourceTree = "<group>"; };
		75F2FB342350D74D006007D8 /* AppDelegate.m */ = {isa = PBXFileReference; lastKnownFileType = sourcecode.c.objc; path = AppDelegate.m; sourceTree = "<group>"; };
		75F2FB362350D74D006007D8 /* SceneDelegate.h */ = {isa = PBXFileReference; lastKnownFileType = sourcecode.c.h; path = SceneDelegate.h; sourceTree = "<group>"; };
		75F2FB372350D74D006007D8 /* SceneDelegate.m */ = {isa = PBXFileReference; lastKnownFileType = sourcecode.c.objc; path = SceneDelegate.m; sourceTree = "<group>"; };
		75F2FB3D2350D74D006007D8 /* Base */ = {isa = PBXFileReference; lastKnownFileType = file.storyboard; name = Base; path = Base.lproj/Main.storyboard; sourceTree = "<group>"; };
		75F2FB3F2350D752006007D8 /* Assets.xcassets */ = {isa = PBXFileReference; lastKnownFileType = folder.assetcatalog; path = Assets.xcassets; sourceTree = "<group>"; };
		75F2FB422350D752006007D8 /* Base */ = {isa = PBXFileReference; lastKnownFileType = file.storyboard; name = Base; path = Base.lproj/LaunchScreen.storyboard; sourceTree = "<group>"; };
		75F2FB442350D752006007D8 /* Info.plist */ = {isa = PBXFileReference; lastKnownFileType = text.plist.xml; path = Info.plist; sourceTree = "<group>"; };
		75F2FB452350D752006007D8 /* main.m */ = {isa = PBXFileReference; lastKnownFileType = sourcecode.c.objc; path = main.m; sourceTree = "<group>"; };
		75F2FB532350D7C0006007D8 /* Artist-objcTests.xctest */ = {isa = PBXFileReference; explicitFileType = wrapper.cfbundle; includeInIndex = 0; path = "Artist-objcTests.xctest"; sourceTree = BUILT_PRODUCTS_DIR; };
		75F2FB572350D7C0006007D8 /* Info.plist */ = {isa = PBXFileReference; lastKnownFileType = text.plist.xml; path = Info.plist; sourceTree = "<group>"; };
		75F2FB5D2350D877006007D8 /* BYArtist.h */ = {isa = PBXFileReference; lastKnownFileType = sourcecode.c.h; path = BYArtist.h; sourceTree = "<group>"; };
		75F2FB5E2350D877006007D8 /* BYArtist.m */ = {isa = PBXFileReference; lastKnownFileType = sourcecode.c.objc; path = BYArtist.m; sourceTree = "<group>"; };
		75F2FB602350D89C006007D8 /* BYArtist+BYNSJSONSerialization.h */ = {isa = PBXFileReference; lastKnownFileType = sourcecode.c.h; path = "BYArtist+BYNSJSONSerialization.h"; sourceTree = "<group>"; };
		75F2FB612350D89C006007D8 /* BYArtist+BYNSJSONSerialization.m */ = {isa = PBXFileReference; lastKnownFileType = sourcecode.c.objc; path = "BYArtist+BYNSJSONSerialization.m"; sourceTree = "<group>"; };
		75F2FB642350DA1B006007D8 /* BYArtistTest.m */ = {isa = PBXFileReference; lastKnownFileType = sourcecode.c.objc; path = BYArtistTest.m; sourceTree = "<group>"; };
		75F2FB692350DB1A006007D8 /* BYFileHelper.h */ = {isa = PBXFileReference; lastKnownFileType = sourcecode.c.h; path = BYFileHelper.h; sourceTree = "<group>"; };
		75F2FB6B2350DEBC006007D8 /* Artists.json */ = {isa = PBXFileReference; lastKnownFileType = text.json; path = Artists.json; sourceTree = "<group>"; };
		75F2FB732350EB8E006007D8 /* BYFavoriteArtistsTableViewController.h */ = {isa = PBXFileReference; lastKnownFileType = sourcecode.c.h; path = BYFavoriteArtistsTableViewController.h; sourceTree = "<group>"; };
		75F2FB742350EB8E006007D8 /* BYFavoriteArtistsTableViewController.m */ = {isa = PBXFileReference; lastKnownFileType = sourcecode.c.objc; path = BYFavoriteArtistsTableViewController.m; sourceTree = "<group>"; };
		75F2FB762350ECFE006007D8 /* BYArtistViewController.h */ = {isa = PBXFileReference; lastKnownFileType = sourcecode.c.h; path = BYArtistViewController.h; sourceTree = "<group>"; };
		75F2FB772350ECFE006007D8 /* BYArtistViewController.m */ = {isa = PBXFileReference; lastKnownFileType = sourcecode.c.objc; path = BYArtistViewController.m; sourceTree = "<group>"; };
		75F2FB792350EDDE006007D8 /* BYArtistController.h */ = {isa = PBXFileReference; lastKnownFileType = sourcecode.c.h; path = BYArtistController.h; sourceTree = "<group>"; };
		75F2FB7A2350EDDE006007D8 /* BYArtistController.m */ = {isa = PBXFileReference; lastKnownFileType = sourcecode.c.objc; path = BYArtistController.m; sourceTree = "<group>"; };
/* End PBXFileReference section */

/* Begin PBXFrameworksBuildPhase section */
		75F2FB2D2350D74D006007D8 /* Frameworks */ = {
			isa = PBXFrameworksBuildPhase;
			buildActionMask = 2147483647;
			files = (
			);
			runOnlyForDeploymentPostprocessing = 0;
		};
		75F2FB502350D7C0006007D8 /* Frameworks */ = {
			isa = PBXFrameworksBuildPhase;
			buildActionMask = 2147483647;
			files = (
			);
			runOnlyForDeploymentPostprocessing = 0;
		};
/* End PBXFrameworksBuildPhase section */

/* Begin PBXGroup section */
		75F2FB272350D74D006007D8 = {
			isa = PBXGroup;
			children = (
				75F2FB322350D74D006007D8 /* Artist-objc */,
				75F2FB542350D7C0006007D8 /* Artist-objcTests */,
				75F2FB312350D74D006007D8 /* Products */,
			);
			sourceTree = "<group>";
		};
		75F2FB312350D74D006007D8 /* Products */ = {
			isa = PBXGroup;
			children = (
				75F2FB302350D74D006007D8 /* Artist-objc.app */,
				75F2FB532350D7C0006007D8 /* Artist-objcTests.xctest */,
			);
			name = Products;
			sourceTree = "<group>";
		};
		75F2FB322350D74D006007D8 /* Artist-objc */ = {
			isa = PBXGroup;
			children = (
				75F2FB332350D74D006007D8 /* AppDelegate.h */,
				75F2FB342350D74D006007D8 /* AppDelegate.m */,
				75F2FB362350D74D006007D8 /* SceneDelegate.h */,
				75F2FB372350D74D006007D8 /* SceneDelegate.m */,
				75F2FB3C2350D74D006007D8 /* Main.storyboard */,
				75F2FB3F2350D752006007D8 /* Assets.xcassets */,
				75F2FB412350D752006007D8 /* LaunchScreen.storyboard */,
				75F2FB442350D752006007D8 /* Info.plist */,
				75F2FB452350D752006007D8 /* main.m */,
				75F2FB792350EDDE006007D8 /* BYArtistController.h */,
				75F2FB7A2350EDDE006007D8 /* BYArtistController.m */,
				75F2FB5D2350D877006007D8 /* BYArtist.h */,
				75F2FB5E2350D877006007D8 /* BYArtist.m */,
				75F2FB602350D89C006007D8 /* BYArtist+BYNSJSONSerialization.h */,
				75F2FB612350D89C006007D8 /* BYArtist+BYNSJSONSerialization.m */,
				75F2FB762350ECFE006007D8 /* BYArtistViewController.h */,
				75F2FB772350ECFE006007D8 /* BYArtistViewController.m */,
				75F2FB732350EB8E006007D8 /* BYFavoriteArtistsTableViewController.h */,
				75F2FB742350EB8E006007D8 /* BYFavoriteArtistsTableViewController.m */,
			);
			path = "Artist-objc";
			sourceTree = "<group>";
		};
		75F2FB542350D7C0006007D8 /* Artist-objcTests */ = {
			isa = PBXGroup;
			children = (
				75F2FB572350D7C0006007D8 /* Info.plist */,
				75F2FB642350DA1B006007D8 /* BYArtistTest.m */,
				75F2FB692350DB1A006007D8 /* BYFileHelper.h */,
				75F2FB6B2350DEBC006007D8 /* Artists.json */,
			);
			path = "Artist-objcTests";
			sourceTree = "<group>";
		};
/* End PBXGroup section */

/* Begin PBXNativeTarget section */
		75F2FB2F2350D74D006007D8 /* Artist-objc */ = {
			isa = PBXNativeTarget;
			buildConfigurationList = 75F2FB492350D752006007D8 /* Build configuration list for PBXNativeTarget "Artist-objc" */;
			buildPhases = (
				75F2FB2C2350D74D006007D8 /* Sources */,
				75F2FB2D2350D74D006007D8 /* Frameworks */,
				75F2FB2E2350D74D006007D8 /* Resources */,
			);
			buildRules = (
			);
			dependencies = (
			);
			name = "Artist-objc";
			productName = "Artist-objc";
			productReference = 75F2FB302350D74D006007D8 /* Artist-objc.app */;
			productType = "com.apple.product-type.application";
		};
		75F2FB522350D7C0006007D8 /* Artist-objcTests */ = {
			isa = PBXNativeTarget;
			buildConfigurationList = 75F2FB5A2350D7C0006007D8 /* Build configuration list for PBXNativeTarget "Artist-objcTests" */;
			buildPhases = (
				75F2FB4F2350D7C0006007D8 /* Sources */,
				75F2FB502350D7C0006007D8 /* Frameworks */,
				75F2FB512350D7C0006007D8 /* Resources */,
			);
			buildRules = (
			);
			dependencies = (
				75F2FB592350D7C0006007D8 /* PBXTargetDependency */,
			);
			name = "Artist-objcTests";
			productName = "Artist-objcTests";
			productReference = 75F2FB532350D7C0006007D8 /* Artist-objcTests.xctest */;
			productType = "com.apple.product-type.bundle.unit-test";
		};
/* End PBXNativeTarget section */

/* Begin PBXProject section */
		75F2FB282350D74D006007D8 /* Project object */ = {
			isa = PBXProject;
			attributes = {
				CLASSPREFIX = BY;
				LastUpgradeCheck = 1100;
				ORGANIZATIONNAME = bradleyyin;
				TargetAttributes = {
					75F2FB2F2350D74D006007D8 = {
						CreatedOnToolsVersion = 11.0;
					};
					75F2FB522350D7C0006007D8 = {
						CreatedOnToolsVersion = 11.0;
						TestTargetID = 75F2FB2F2350D74D006007D8;
					};
				};
			};
			buildConfigurationList = 75F2FB2B2350D74D006007D8 /* Build configuration list for PBXProject "Artist-objc" */;
			compatibilityVersion = "Xcode 9.3";
			developmentRegion = en;
			hasScannedForEncodings = 0;
			knownRegions = (
				en,
				Base,
			);
			mainGroup = 75F2FB272350D74D006007D8;
			productRefGroup = 75F2FB312350D74D006007D8 /* Products */;
			projectDirPath = "";
			projectRoot = "";
			targets = (
				75F2FB2F2350D74D006007D8 /* Artist-objc */,
				75F2FB522350D7C0006007D8 /* Artist-objcTests */,
			);
		};
/* End PBXProject section */

/* Begin PBXResourcesBuildPhase section */
		75F2FB2E2350D74D006007D8 /* Resources */ = {
			isa = PBXResourcesBuildPhase;
			buildActionMask = 2147483647;
			files = (
				75F2FB432350D752006007D8 /* LaunchScreen.storyboard in Resources */,
				75F2FB402350D752006007D8 /* Assets.xcassets in Resources */,
				75F2FB3E2350D74D006007D8 /* Main.storyboard in Resources */,
			);
			runOnlyForDeploymentPostprocessing = 0;
		};
		75F2FB512350D7C0006007D8 /* Resources */ = {
			isa = PBXResourcesBuildPhase;
			buildActionMask = 2147483647;
			files = (
				75F2FB6C2350DEBC006007D8 /* Artists.json in Resources */,
			);
			runOnlyForDeploymentPostprocessing = 0;
		};
/* End PBXResourcesBuildPhase section */

/* Begin PBXSourcesBuildPhase section */
		75F2FB2C2350D74D006007D8 /* Sources */ = {
			isa = PBXSourcesBuildPhase;
			buildActionMask = 2147483647;
			files = (
				75F2FB5F2350D877006007D8 /* BYArtist.m in Sources */,
				75F2FB782350ECFE006007D8 /* BYArtistViewController.m in Sources */,
				75F2FB352350D74D006007D8 /* AppDelegate.m in Sources */,
				75F2FB462350D752006007D8 /* main.m in Sources */,
				75F2FB622350D89C006007D8 /* BYArtist+BYNSJSONSerialization.m in Sources */,
				75F2FB7B2350EDDE006007D8 /* BYArtistController.m in Sources */,
				75F2FB382350D74D006007D8 /* SceneDelegate.m in Sources */,
				75F2FB752350EB8E006007D8 /* BYFavoriteArtistsTableViewController.m in Sources */,
			);
			runOnlyForDeploymentPostprocessing = 0;
		};
		75F2FB4F2350D7C0006007D8 /* Sources */ = {
			isa = PBXSourcesBuildPhase;
			buildActionMask = 2147483647;
			files = (
				75F2FB7C2350F371006007D8 /* BYArtistController.h in Sources */,
				75F2FB7D2350F371006007D8 /* BYArtistController.m in Sources */,
				75F2FB6F2350E3D0006007D8 /* BYArtist.h in Sources */,
				75F2FB702350E3D0006007D8 /* BYArtist.m in Sources */,
				75F2FB712350E3D0006007D8 /* BYArtist+BYNSJSONSerialization.h in Sources */,
				75F2FB722350E3D0006007D8 /* BYArtist+BYNSJSONSerialization.m in Sources */,
				75F2FB652350DA1B006007D8 /* BYArtistTest.m in Sources */,
			);
			runOnlyForDeploymentPostprocessing = 0;
		};
/* End PBXSourcesBuildPhase section */

/* Begin PBXTargetDependency section */
		75F2FB592350D7C0006007D8 /* PBXTargetDependency */ = {
			isa = PBXTargetDependency;
			target = 75F2FB2F2350D74D006007D8 /* Artist-objc */;
			targetProxy = 75F2FB582350D7C0006007D8 /* PBXContainerItemProxy */;
		};
/* End PBXTargetDependency section */

/* Begin PBXVariantGroup section */
		75F2FB3C2350D74D006007D8 /* Main.storyboard */ = {
			isa = PBXVariantGroup;
			children = (
				75F2FB3D2350D74D006007D8 /* Base */,
			);
			name = Main.storyboard;
			sourceTree = "<group>";
		};
		75F2FB412350D752006007D8 /* LaunchScreen.storyboard */ = {
			isa = PBXVariantGroup;
			children = (
				75F2FB422350D752006007D8 /* Base */,
			);
			name = LaunchScreen.storyboard;
			sourceTree = "<group>";
		};
/* End PBXVariantGroup section */

/* Begin XCBuildConfiguration section */
		75F2FB472350D752006007D8 /* Debug */ = {
			isa = XCBuildConfiguration;
			buildSettings = {
				ALWAYS_SEARCH_USER_PATHS = NO;
				CLANG_ANALYZER_NONNULL = YES;
				CLANG_ANALYZER_NUMBER_OBJECT_CONVERSION = YES_AGGRESSIVE;
				CLANG_CXX_LANGUAGE_STANDARD = "gnu++14";
				CLANG_CXX_LIBRARY = "libc++";
				CLANG_ENABLE_MODULES = YES;
				CLANG_ENABLE_OBJC_ARC = YES;
				CLANG_ENABLE_OBJC_WEAK = YES;
				CLANG_WARN_BLOCK_CAPTURE_AUTORELEASING = YES;
				CLANG_WARN_BOOL_CONVERSION = YES;
				CLANG_WARN_COMMA = YES;
				CLANG_WARN_CONSTANT_CONVERSION = YES;
				CLANG_WARN_DEPRECATED_OBJC_IMPLEMENTATIONS = YES;
				CLANG_WARN_DIRECT_OBJC_ISA_USAGE = YES_ERROR;
				CLANG_WARN_DOCUMENTATION_COMMENTS = YES;
				CLANG_WARN_EMPTY_BODY = YES;
				CLANG_WARN_ENUM_CONVERSION = YES;
				CLANG_WARN_INFINITE_RECURSION = YES;
				CLANG_WARN_INT_CONVERSION = YES;
				CLANG_WARN_NON_LITERAL_NULL_CONVERSION = YES;
				CLANG_WARN_OBJC_IMPLICIT_RETAIN_SELF = YES;
				CLANG_WARN_OBJC_LITERAL_CONVERSION = YES;
				CLANG_WARN_OBJC_ROOT_CLASS = YES_ERROR;
				CLANG_WARN_RANGE_LOOP_ANALYSIS = YES;
				CLANG_WARN_STRICT_PROTOTYPES = YES;
				CLANG_WARN_SUSPICIOUS_MOVE = YES;
				CLANG_WARN_UNGUARDED_AVAILABILITY = YES_AGGRESSIVE;
				CLANG_WARN_UNREACHABLE_CODE = YES;
				CLANG_WARN__DUPLICATE_METHOD_MATCH = YES;
				COPY_PHASE_STRIP = NO;
				DEBUG_INFORMATION_FORMAT = dwarf;
				ENABLE_STRICT_OBJC_MSGSEND = YES;
				ENABLE_TESTABILITY = YES;
				GCC_C_LANGUAGE_STANDARD = gnu11;
				GCC_DYNAMIC_NO_PIC = NO;
				GCC_NO_COMMON_BLOCKS = YES;
				GCC_OPTIMIZATION_LEVEL = 0;
				GCC_PREPROCESSOR_DEFINITIONS = (
					"DEBUG=1",
					"$(inherited)",
				);
				GCC_WARN_64_TO_32_BIT_CONVERSION = YES;
				GCC_WARN_ABOUT_RETURN_TYPE = YES_ERROR;
				GCC_WARN_UNDECLARED_SELECTOR = YES;
				GCC_WARN_UNINITIALIZED_AUTOS = YES_AGGRESSIVE;
				GCC_WARN_UNUSED_FUNCTION = YES;
				GCC_WARN_UNUSED_VARIABLE = YES;
				IPHONEOS_DEPLOYMENT_TARGET = 13.0;
				MTL_ENABLE_DEBUG_INFO = INCLUDE_SOURCE;
				MTL_FAST_MATH = YES;
				ONLY_ACTIVE_ARCH = YES;
				SDKROOT = iphoneos;
			};
			name = Debug;
		};
		75F2FB482350D752006007D8 /* Release */ = {
			isa = XCBuildConfiguration;
			buildSettings = {
				ALWAYS_SEARCH_USER_PATHS = NO;
				CLANG_ANALYZER_NONNULL = YES;
				CLANG_ANALYZER_NUMBER_OBJECT_CONVERSION = YES_AGGRESSIVE;
				CLANG_CXX_LANGUAGE_STANDARD = "gnu++14";
				CLANG_CXX_LIBRARY = "libc++";
				CLANG_ENABLE_MODULES = YES;
				CLANG_ENABLE_OBJC_ARC = YES;
				CLANG_ENABLE_OBJC_WEAK = YES;
				CLANG_WARN_BLOCK_CAPTURE_AUTORELEASING = YES;
				CLANG_WARN_BOOL_CONVERSION = YES;
				CLANG_WARN_COMMA = YES;
				CLANG_WARN_CONSTANT_CONVERSION = YES;
				CLANG_WARN_DEPRECATED_OBJC_IMPLEMENTATIONS = YES;
				CLANG_WARN_DIRECT_OBJC_ISA_USAGE = YES_ERROR;
				CLANG_WARN_DOCUMENTATION_COMMENTS = YES;
				CLANG_WARN_EMPTY_BODY = YES;
				CLANG_WARN_ENUM_CONVERSION = YES;
				CLANG_WARN_INFINITE_RECURSION = YES;
				CLANG_WARN_INT_CONVERSION = YES;
				CLANG_WARN_NON_LITERAL_NULL_CONVERSION = YES;
				CLANG_WARN_OBJC_IMPLICIT_RETAIN_SELF = YES;
				CLANG_WARN_OBJC_LITERAL_CONVERSION = YES;
				CLANG_WARN_OBJC_ROOT_CLASS = YES_ERROR;
				CLANG_WARN_RANGE_LOOP_ANALYSIS = YES;
				CLANG_WARN_STRICT_PROTOTYPES = YES;
				CLANG_WARN_SUSPICIOUS_MOVE = YES;
				CLANG_WARN_UNGUARDED_AVAILABILITY = YES_AGGRESSIVE;
				CLANG_WARN_UNREACHABLE_CODE = YES;
				CLANG_WARN__DUPLICATE_METHOD_MATCH = YES;
				COPY_PHASE_STRIP = NO;
				DEBUG_INFORMATION_FORMAT = "dwarf-with-dsym";
				ENABLE_NS_ASSERTIONS = NO;
				ENABLE_STRICT_OBJC_MSGSEND = YES;
				GCC_C_LANGUAGE_STANDARD = gnu11;
				GCC_NO_COMMON_BLOCKS = YES;
				GCC_WARN_64_TO_32_BIT_CONVERSION = YES;
				GCC_WARN_ABOUT_RETURN_TYPE = YES_ERROR;
				GCC_WARN_UNDECLARED_SELECTOR = YES;
				GCC_WARN_UNINITIALIZED_AUTOS = YES_AGGRESSIVE;
				GCC_WARN_UNUSED_FUNCTION = YES;
				GCC_WARN_UNUSED_VARIABLE = YES;
				IPHONEOS_DEPLOYMENT_TARGET = 13.0;
				MTL_ENABLE_DEBUG_INFO = NO;
				MTL_FAST_MATH = YES;
				SDKROOT = iphoneos;
				VALIDATE_PRODUCT = YES;
			};
			name = Release;
		};
		75F2FB4A2350D752006007D8 /* Debug */ = {
			isa = XCBuildConfiguration;
			buildSettings = {
				ASSETCATALOG_COMPILER_APPICON_NAME = AppIcon;
				CODE_SIGN_STYLE = Automatic;
				DEVELOPMENT_TEAM = 8367QTYVY6;
				INFOPLIST_FILE = "Artist-objc/Info.plist";
				LD_RUNPATH_SEARCH_PATHS = (
					"$(inherited)",
					"@executable_path/Frameworks",
				);
				PRODUCT_BUNDLE_IDENTIFIER = "com.bradleyyin.Artist-objc";
				PRODUCT_NAME = "$(TARGET_NAME)";
				TARGETED_DEVICE_FAMILY = "1,2";
			};
			name = Debug;
		};
		75F2FB4B2350D752006007D8 /* Release */ = {
			isa = XCBuildConfiguration;
			buildSettings = {
				ASSETCATALOG_COMPILER_APPICON_NAME = AppIcon;
				CODE_SIGN_STYLE = Automatic;
				DEVELOPMENT_TEAM = 8367QTYVY6;
				INFOPLIST_FILE = "Artist-objc/Info.plist";
				LD_RUNPATH_SEARCH_PATHS = (
					"$(inherited)",
					"@executable_path/Frameworks",
				);
				PRODUCT_BUNDLE_IDENTIFIER = "com.bradleyyin.Artist-objc";
				PRODUCT_NAME = "$(TARGET_NAME)";
				TARGETED_DEVICE_FAMILY = "1,2";
			};
			name = Release;
		};
		75F2FB5B2350D7C0006007D8 /* Debug */ = {
			isa = XCBuildConfiguration;
			buildSettings = {
				CODE_SIGN_STYLE = Automatic;
				DEVELOPMENT_TEAM = 8367QTYVY6;
				INFOPLIST_FILE = "Artist-objcTests/Info.plist";
				LD_RUNPATH_SEARCH_PATHS = (
					"$(inherited)",
					"@executable_path/Frameworks",
					"@loader_path/Frameworks",
				);
				PRODUCT_BUNDLE_IDENTIFIER = "com.bradleyyin.Artist-objcTests";
				PRODUCT_NAME = "$(TARGET_NAME)";
				TARGETED_DEVICE_FAMILY = "1,2";
				TEST_HOST = "$(BUILT_PRODUCTS_DIR)/Artist-objc.app/Artist-objc";
			};
			name = Debug;
		};
		75F2FB5C2350D7C0006007D8 /* Release */ = {
			isa = XCBuildConfiguration;
			buildSettings = {
				CODE_SIGN_STYLE = Automatic;
				DEVELOPMENT_TEAM = 8367QTYVY6;
				INFOPLIST_FILE = "Artist-objcTests/Info.plist";
				LD_RUNPATH_SEARCH_PATHS = (
					"$(inherited)",
					"@executable_path/Frameworks",
					"@loader_path/Frameworks",
				);
				PRODUCT_BUNDLE_IDENTIFIER = "com.bradleyyin.Artist-objcTests";
				PRODUCT_NAME = "$(TARGET_NAME)";
				TARGETED_DEVICE_FAMILY = "1,2";
				TEST_HOST = "$(BUILT_PRODUCTS_DIR)/Artist-objc.app/Artist-objc";
			};
			name = Release;
		};
/* End XCBuildConfiguration section */

/* Begin XCConfigurationList section */
		75F2FB2B2350D74D006007D8 /* Build configuration list for PBXProject "Artist-objc" */ = {
			isa = XCConfigurationList;
			buildConfigurations = (
				75F2FB472350D752006007D8 /* Debug */,
				75F2FB482350D752006007D8 /* Release */,
			);
			defaultConfigurationIsVisible = 0;
			defaultConfigurationName = Release;
		};
		75F2FB492350D752006007D8 /* Build configuration list for PBXNativeTarget "Artist-objc" */ = {
			isa = XCConfigurationList;
			buildConfigurations = (
				75F2FB4A2350D752006007D8 /* Debug */,
				75F2FB4B2350D752006007D8 /* Release */,
			);
			defaultConfigurationIsVisible = 0;
			defaultConfigurationName = Release;
		};
		75F2FB5A2350D7C0006007D8 /* Build configuration list for PBXNativeTarget "Artist-objcTests" */ = {
			isa = XCConfigurationList;
			buildConfigurations = (
				75F2FB5B2350D7C0006007D8 /* Debug */,
				75F2FB5C2350D7C0006007D8 /* Release */,
			);
			defaultConfigurationIsVisible = 0;
			defaultConfigurationName = Release;
		};
/* End XCConfigurationList section */
	};
	rootObject = 75F2FB282350D74D006007D8 /* Project object */;
}
