// !$*UTF8*$!
{
	archiveVersion = 1;
	classes = {
	};
	objectVersion = 50;
	objects = {

/* Begin PBXBuildFile section */
		DB85DB572493D3020049D1A0 /* AppDelegate.m in Sources */ = {isa = PBXBuildFile; fileRef = DB85DB562493D3020049D1A0 /* AppDelegate.m */; };
		DB85DB5A2493D3020049D1A0 /* SceneDelegate.m in Sources */ = {isa = PBXBuildFile; fileRef = DB85DB592493D3020049D1A0 /* SceneDelegate.m */; };
		DB85DB602493D3020049D1A0 /* Main.storyboard in Resources */ = {isa = PBXBuildFile; fileRef = DB85DB5E2493D3020049D1A0 /* Main.storyboard */; };
		DB85DB622493D3030049D1A0 /* Assets.xcassets in Resources */ = {isa = PBXBuildFile; fileRef = DB85DB612493D3030049D1A0 /* Assets.xcassets */; };
		DB85DB652493D3030049D1A0 /* LaunchScreen.storyboard in Resources */ = {isa = PBXBuildFile; fileRef = DB85DB632493D3030049D1A0 /* LaunchScreen.storyboard */; };
		DB85DB682493D3030049D1A0 /* main.m in Sources */ = {isa = PBXBuildFile; fileRef = DB85DB672493D3030049D1A0 /* main.m */; };
		DB85DB752493D4850049D1A0 /* PDMArtist.m in Sources */ = {isa = PBXBuildFile; fileRef = DB85DB742493D4850049D1A0 /* PDMArtist.m */; };
		DB85DB782493D5430049D1A0 /* PDMArtistController.m in Sources */ = {isa = PBXBuildFile; fileRef = DB85DB772493D5430049D1A0 /* PDMArtistController.m */; };
		DB85DB7B2493D5E60049D1A0 /* PDMArtist+JSONSerialization.m in Sources */ = {isa = PBXBuildFile; fileRef = DB85DB7A2493D5E60049D1A0 /* PDMArtist+JSONSerialization.m */; };
/* End PBXBuildFile section */

/* Begin PBXFileReference section */
		DB85DB522493D3020049D1A0 /* FavoriteArtists.app */ = {isa = PBXFileReference; explicitFileType = wrapper.application; includeInIndex = 0; path = FavoriteArtists.app; sourceTree = BUILT_PRODUCTS_DIR; };
		DB85DB552493D3020049D1A0 /* AppDelegate.h */ = {isa = PBXFileReference; lastKnownFileType = sourcecode.c.h; path = AppDelegate.h; sourceTree = "<group>"; };
		DB85DB562493D3020049D1A0 /* AppDelegate.m */ = {isa = PBXFileReference; lastKnownFileType = sourcecode.c.objc; path = AppDelegate.m; sourceTree = "<group>"; };
		DB85DB582493D3020049D1A0 /* SceneDelegate.h */ = {isa = PBXFileReference; lastKnownFileType = sourcecode.c.h; path = SceneDelegate.h; sourceTree = "<group>"; };
		DB85DB592493D3020049D1A0 /* SceneDelegate.m */ = {isa = PBXFileReference; lastKnownFileType = sourcecode.c.objc; path = SceneDelegate.m; sourceTree = "<group>"; };
		DB85DB5F2493D3020049D1A0 /* Base */ = {isa = PBXFileReference; lastKnownFileType = file.storyboard; name = Base; path = Base.lproj/Main.storyboard; sourceTree = "<group>"; };
		DB85DB612493D3030049D1A0 /* Assets.xcassets */ = {isa = PBXFileReference; lastKnownFileType = folder.assetcatalog; path = Assets.xcassets; sourceTree = "<group>"; };
		DB85DB642493D3030049D1A0 /* Base */ = {isa = PBXFileReference; lastKnownFileType = file.storyboard; name = Base; path = Base.lproj/LaunchScreen.storyboard; sourceTree = "<group>"; };
		DB85DB662493D3030049D1A0 /* Info.plist */ = {isa = PBXFileReference; lastKnownFileType = text.plist.xml; path = Info.plist; sourceTree = "<group>"; };
		DB85DB672493D3030049D1A0 /* main.m */ = {isa = PBXFileReference; lastKnownFileType = sourcecode.c.objc; path = main.m; sourceTree = "<group>"; };
		DB85DB732493D4850049D1A0 /* PDMArtist.h */ = {isa = PBXFileReference; lastKnownFileType = sourcecode.c.h; path = PDMArtist.h; sourceTree = "<group>"; };
		DB85DB742493D4850049D1A0 /* PDMArtist.m */ = {isa = PBXFileReference; lastKnownFileType = sourcecode.c.objc; path = PDMArtist.m; sourceTree = "<group>"; };
		DB85DB762493D5430049D1A0 /* PDMArtistController.h */ = {isa = PBXFileReference; lastKnownFileType = sourcecode.c.h; path = PDMArtistController.h; sourceTree = "<group>"; };
		DB85DB772493D5430049D1A0 /* PDMArtistController.m */ = {isa = PBXFileReference; lastKnownFileType = sourcecode.c.objc; path = PDMArtistController.m; sourceTree = "<group>"; };
		DB85DB792493D5E60049D1A0 /* PDMArtist+JSONSerialization.h */ = {isa = PBXFileReference; lastKnownFileType = sourcecode.c.h; path = "PDMArtist+JSONSerialization.h"; sourceTree = "<group>"; };
		DB85DB7A2493D5E60049D1A0 /* PDMArtist+JSONSerialization.m */ = {isa = PBXFileReference; lastKnownFileType = sourcecode.c.objc; path = "PDMArtist+JSONSerialization.m"; sourceTree = "<group>"; };
/* End PBXFileReference section */

/* Begin PBXFrameworksBuildPhase section */
		DB85DB4F2493D3020049D1A0 /* Frameworks */ = {
			isa = PBXFrameworksBuildPhase;
			buildActionMask = 2147483647;
			files = (
			);
			runOnlyForDeploymentPostprocessing = 0;
		};
/* End PBXFrameworksBuildPhase section */

/* Begin PBXGroup section */
		DB85DB492493D3020049D1A0 = {
			isa = PBXGroup;
			children = (
				DB85DB542493D3020049D1A0 /* FavoriteArtists */,
				DB85DB532493D3020049D1A0 /* Products */,
			);
			sourceTree = "<group>";
		};
		DB85DB532493D3020049D1A0 /* Products */ = {
			isa = PBXGroup;
			children = (
				DB85DB522493D3020049D1A0 /* FavoriteArtists.app */,
			);
			name = Products;
			sourceTree = "<group>";
		};
		DB85DB542493D3020049D1A0 /* FavoriteArtists */ = {
			isa = PBXGroup;
			children = (
				DB85DB722493D3630049D1A0 /* View Controller */,
				DB85DB712493D35D0049D1A0 /* Model Controller */,
				DB85DB6F2493D3500049D1A0 /* Model */,
				DB85DB6E2493D3490049D1A0 /* Resources */,
				DB85DB5E2493D3020049D1A0 /* Main.storyboard */,
				DB85DB662493D3030049D1A0 /* Info.plist */,
				DB85DB672493D3030049D1A0 /* main.m */,
			);
			path = FavoriteArtists;
			sourceTree = "<group>";
		};
		DB85DB6E2493D3490049D1A0 /* Resources */ = {
			isa = PBXGroup;
			children = (
				DB85DB552493D3020049D1A0 /* AppDelegate.h */,
				DB85DB562493D3020049D1A0 /* AppDelegate.m */,
				DB85DB582493D3020049D1A0 /* SceneDelegate.h */,
				DB85DB592493D3020049D1A0 /* SceneDelegate.m */,
				DB85DB612493D3030049D1A0 /* Assets.xcassets */,
				DB85DB632493D3030049D1A0 /* LaunchScreen.storyboard */,
			);
			path = Resources;
			sourceTree = "<group>";
		};
		DB85DB6F2493D3500049D1A0 /* Model */ = {
			isa = PBXGroup;
			children = (
				DB85DB732493D4850049D1A0 /* PDMArtist.h */,
				DB85DB742493D4850049D1A0 /* PDMArtist.m */,
				DB85DB792493D5E60049D1A0 /* PDMArtist+JSONSerialization.h */,
				DB85DB7A2493D5E60049D1A0 /* PDMArtist+JSONSerialization.m */,
			);
			path = Model;
			sourceTree = "<group>";
		};
		DB85DB712493D35D0049D1A0 /* Model Controller */ = {
			isa = PBXGroup;
			children = (
				DB85DB762493D5430049D1A0 /* PDMArtistController.h */,
				DB85DB772493D5430049D1A0 /* PDMArtistController.m */,
			);
			path = "Model Controller";
			sourceTree = "<group>";
		};
		DB85DB722493D3630049D1A0 /* View Controller */ = {
			isa = PBXGroup;
			children = (
			);
			path = "View Controller";
			sourceTree = "<group>";
		};
/* End PBXGroup section */

/* Begin PBXNativeTarget section */
		DB85DB512493D3020049D1A0 /* FavoriteArtists */ = {
			isa = PBXNativeTarget;
			buildConfigurationList = DB85DB6B2493D3030049D1A0 /* Build configuration list for PBXNativeTarget "FavoriteArtists" */;
			buildPhases = (
				DB85DB4E2493D3020049D1A0 /* Sources */,
				DB85DB4F2493D3020049D1A0 /* Frameworks */,
				DB85DB502493D3020049D1A0 /* Resources */,
			);
			buildRules = (
			);
			dependencies = (
			);
			name = FavoriteArtists;
			productName = FavoriteArtists;
			productReference = DB85DB522493D3020049D1A0 /* FavoriteArtists.app */;
			productType = "com.apple.product-type.application";
		};
/* End PBXNativeTarget section */

/* Begin PBXProject section */
		DB85DB4A2493D3020049D1A0 /* Project object */ = {
			isa = PBXProject;
			attributes = {
				LastUpgradeCheck = 1150;
				ORGANIZATIONNAME = PatrickMillet79;
				TargetAttributes = {
					DB85DB512493D3020049D1A0 = {
						CreatedOnToolsVersion = 11.5;
					};
				};
			};
			buildConfigurationList = DB85DB4D2493D3020049D1A0 /* Build configuration list for PBXProject "FavoriteArtists" */;
			compatibilityVersion = "Xcode 9.3";
			developmentRegion = en;
			hasScannedForEncodings = 0;
			knownRegions = (
				en,
				Base,
			);
			mainGroup = DB85DB492493D3020049D1A0;
			productRefGroup = DB85DB532493D3020049D1A0 /* Products */;
			projectDirPath = "";
			projectRoot = "";
			targets = (
				DB85DB512493D3020049D1A0 /* FavoriteArtists */,
			);
		};
/* End PBXProject section */

/* Begin PBXResourcesBuildPhase section */
		DB85DB502493D3020049D1A0 /* Resources */ = {
			isa = PBXResourcesBuildPhase;
			buildActionMask = 2147483647;
			files = (
				DB85DB652493D3030049D1A0 /* LaunchScreen.storyboard in Resources */,
				DB85DB622493D3030049D1A0 /* Assets.xcassets in Resources */,
				DB85DB602493D3020049D1A0 /* Main.storyboard in Resources */,
			);
			runOnlyForDeploymentPostprocessing = 0;
		};
/* End PBXResourcesBuildPhase section */

/* Begin PBXSourcesBuildPhase section */
		DB85DB4E2493D3020049D1A0 /* Sources */ = {
			isa = PBXSourcesBuildPhase;
			buildActionMask = 2147483647;
			files = (
				DB85DB572493D3020049D1A0 /* AppDelegate.m in Sources */,
				DB85DB782493D5430049D1A0 /* PDMArtistController.m in Sources */,
				DB85DB682493D3030049D1A0 /* main.m in Sources */,
				DB85DB752493D4850049D1A0 /* PDMArtist.m in Sources */,
				DB85DB5A2493D3020049D1A0 /* SceneDelegate.m in Sources */,
				DB85DB7B2493D5E60049D1A0 /* PDMArtist+JSONSerialization.m in Sources */,
			);
			runOnlyForDeploymentPostprocessing = 0;
		};
/* End PBXSourcesBuildPhase section */

/* Begin PBXVariantGroup section */
		DB85DB5E2493D3020049D1A0 /* Main.storyboard */ = {
			isa = PBXVariantGroup;
			children = (
				DB85DB5F2493D3020049D1A0 /* Base */,
			);
			name = Main.storyboard;
			sourceTree = "<group>";
		};
		DB85DB632493D3030049D1A0 /* LaunchScreen.storyboard */ = {
			isa = PBXVariantGroup;
			children = (
				DB85DB642493D3030049D1A0 /* Base */,
			);
			name = LaunchScreen.storyboard;
			sourceTree = "<group>";
		};
/* End PBXVariantGroup section */

/* Begin XCBuildConfiguration section */
		DB85DB692493D3030049D1A0 /* Debug */ = {
			isa = XCBuildConfiguration;
			buildSettings = {
				ALWAYS_SEARCH_USER_PATHS = NO;
				CLANG_ANALYZER_NONNULL = YES;
				CLANG_ANALYZER_NUMBER_OBJECT_CONVERSION = YES_AGGRESSIVE;
				CLANG_CXX_LANGUAGE_STANDARD = "gnu++14";
				CLANG_CXX_LIBRARY = "libc++";
				CLANG_ENABLE_MODULES = YES;
				CLANG_ENABLE_OBJC_ARC = YES;
				CLANG_ENABLE_OBJC_WEAK = YES;
				CLANG_WARN_BLOCK_CAPTURE_AUTORELEASING = YES;
				CLANG_WARN_BOOL_CONVERSION = YES;
				CLANG_WARN_COMMA = YES;
				CLANG_WARN_CONSTANT_CONVERSION = YES;
				CLANG_WARN_DEPRECATED_OBJC_IMPLEMENTATIONS = YES;
				CLANG_WARN_DIRECT_OBJC_ISA_USAGE = YES_ERROR;
				CLANG_WARN_DOCUMENTATION_COMMENTS = YES;
				CLANG_WARN_EMPTY_BODY = YES;
				CLANG_WARN_ENUM_CONVERSION = YES;
				CLANG_WARN_INFINITE_RECURSION = YES;
				CLANG_WARN_INT_CONVERSION = YES;
				CLANG_WARN_NON_LITERAL_NULL_CONVERSION = YES;
				CLANG_WARN_OBJC_IMPLICIT_RETAIN_SELF = YES;
				CLANG_WARN_OBJC_LITERAL_CONVERSION = YES;
				CLANG_WARN_OBJC_ROOT_CLASS = YES_ERROR;
				CLANG_WARN_RANGE_LOOP_ANALYSIS = YES;
				CLANG_WARN_STRICT_PROTOTYPES = YES;
				CLANG_WARN_SUSPICIOUS_MOVE = YES;
				CLANG_WARN_UNGUARDED_AVAILABILITY = YES_AGGRESSIVE;
				CLANG_WARN_UNREACHABLE_CODE = YES;
				CLANG_WARN__DUPLICATE_METHOD_MATCH = YES;
				COPY_PHASE_STRIP = NO;
				DEBUG_INFORMATION_FORMAT = dwarf;
				ENABLE_STRICT_OBJC_MSGSEND = YES;
				ENABLE_TESTABILITY = YES;
				GCC_C_LANGUAGE_STANDARD = gnu11;
				GCC_DYNAMIC_NO_PIC = NO;
				GCC_NO_COMMON_BLOCKS = YES;
				GCC_OPTIMIZATION_LEVEL = 0;
				GCC_PREPROCESSOR_DEFINITIONS = (
					"DEBUG=1",
					"$(inherited)",
				);
				GCC_WARN_64_TO_32_BIT_CONVERSION = YES;
				GCC_WARN_ABOUT_RETURN_TYPE = YES_ERROR;
				GCC_WARN_UNDECLARED_SELECTOR = YES;
				GCC_WARN_UNINITIALIZED_AUTOS = YES_AGGRESSIVE;
				GCC_WARN_UNUSED_FUNCTION = YES;
				GCC_WARN_UNUSED_VARIABLE = YES;
				IPHONEOS_DEPLOYMENT_TARGET = 13.5;
				MTL_ENABLE_DEBUG_INFO = INCLUDE_SOURCE;
				MTL_FAST_MATH = YES;
				ONLY_ACTIVE_ARCH = YES;
				SDKROOT = iphoneos;
			};
			name = Debug;
		};
		DB85DB6A2493D3030049D1A0 /* Release */ = {
			isa = XCBuildConfiguration;
			buildSettings = {
				ALWAYS_SEARCH_USER_PATHS = NO;
				CLANG_ANALYZER_NONNULL = YES;
				CLANG_ANALYZER_NUMBER_OBJECT_CONVERSION = YES_AGGRESSIVE;
				CLANG_CXX_LANGUAGE_STANDARD = "gnu++14";
				CLANG_CXX_LIBRARY = "libc++";
				CLANG_ENABLE_MODULES = YES;
				CLANG_ENABLE_OBJC_ARC = YES;
				CLANG_ENABLE_OBJC_WEAK = YES;
				CLANG_WARN_BLOCK_CAPTURE_AUTORELEASING = YES;
				CLANG_WARN_BOOL_CONVERSION = YES;
				CLANG_WARN_COMMA = YES;
				CLANG_WARN_CONSTANT_CONVERSION = YES;
				CLANG_WARN_DEPRECATED_OBJC_IMPLEMENTATIONS = YES;
				CLANG_WARN_DIRECT_OBJC_ISA_USAGE = YES_ERROR;
				CLANG_WARN_DOCUMENTATION_COMMENTS = YES;
				CLANG_WARN_EMPTY_BODY = YES;
				CLANG_WARN_ENUM_CONVERSION = YES;
				CLANG_WARN_INFINITE_RECURSION = YES;
				CLANG_WARN_INT_CONVERSION = YES;
				CLANG_WARN_NON_LITERAL_NULL_CONVERSION = YES;
				CLANG_WARN_OBJC_IMPLICIT_RETAIN_SELF = YES;
				CLANG_WARN_OBJC_LITERAL_CONVERSION = YES;
				CLANG_WARN_OBJC_ROOT_CLASS = YES_ERROR;
				CLANG_WARN_RANGE_LOOP_ANALYSIS = YES;
				CLANG_WARN_STRICT_PROTOTYPES = YES;
				CLANG_WARN_SUSPICIOUS_MOVE = YES;
				CLANG_WARN_UNGUARDED_AVAILABILITY = YES_AGGRESSIVE;
				CLANG_WARN_UNREACHABLE_CODE = YES;
				CLANG_WARN__DUPLICATE_METHOD_MATCH = YES;
				COPY_PHASE_STRIP = NO;
				DEBUG_INFORMATION_FORMAT = "dwarf-with-dsym";
				ENABLE_NS_ASSERTIONS = NO;
				ENABLE_STRICT_OBJC_MSGSEND = YES;
				GCC_C_LANGUAGE_STANDARD = gnu11;
				GCC_NO_COMMON_BLOCKS = YES;
				GCC_WARN_64_TO_32_BIT_CONVERSION = YES;
				GCC_WARN_ABOUT_RETURN_TYPE = YES_ERROR;
				GCC_WARN_UNDECLARED_SELECTOR = YES;
				GCC_WARN_UNINITIALIZED_AUTOS = YES_AGGRESSIVE;
				GCC_WARN_UNUSED_FUNCTION = YES;
				GCC_WARN_UNUSED_VARIABLE = YES;
				IPHONEOS_DEPLOYMENT_TARGET = 13.5;
				MTL_ENABLE_DEBUG_INFO = NO;
				MTL_FAST_MATH = YES;
				SDKROOT = iphoneos;
				VALIDATE_PRODUCT = YES;
			};
			name = Release;
		};
		DB85DB6C2493D3030049D1A0 /* Debug */ = {
			isa = XCBuildConfiguration;
			buildSettings = {
				ASSETCATALOG_COMPILER_APPICON_NAME = AppIcon;
				CODE_SIGN_STYLE = Automatic;
				DEVELOPMENT_TEAM = C8A9CLJB2H;
				INFOPLIST_FILE = FavoriteArtists/Info.plist;
				LD_RUNPATH_SEARCH_PATHS = (
					"$(inherited)",
					"@executable_path/Frameworks",
				);
				PRODUCT_BUNDLE_IDENTIFIER = com.PatrickMillet79.FavoriteArtists;
				PRODUCT_NAME = "$(TARGET_NAME)";
				TARGETED_DEVICE_FAMILY = "1,2";
			};
			name = Debug;
		};
		DB85DB6D2493D3030049D1A0 /* Release */ = {
			isa = XCBuildConfiguration;
			buildSettings = {
				ASSETCATALOG_COMPILER_APPICON_NAME = AppIcon;
				CODE_SIGN_STYLE = Automatic;
				DEVELOPMENT_TEAM = C8A9CLJB2H;
				INFOPLIST_FILE = FavoriteArtists/Info.plist;
				LD_RUNPATH_SEARCH_PATHS = (
					"$(inherited)",
					"@executable_path/Frameworks",
				);
				PRODUCT_BUNDLE_IDENTIFIER = com.PatrickMillet79.FavoriteArtists;
				PRODUCT_NAME = "$(TARGET_NAME)";
				TARGETED_DEVICE_FAMILY = "1,2";
			};
			name = Release;
		};
/* End XCBuildConfiguration section */

/* Begin XCConfigurationList section */
		DB85DB4D2493D3020049D1A0 /* Build configuration list for PBXProject "FavoriteArtists" */ = {
			isa = XCConfigurationList;
			buildConfigurations = (
				DB85DB692493D3030049D1A0 /* Debug */,
				DB85DB6A2493D3030049D1A0 /* Release */,
			);
			defaultConfigurationIsVisible = 0;
			defaultConfigurationName = Release;
		};
		DB85DB6B2493D3030049D1A0 /* Build configuration list for PBXNativeTarget "FavoriteArtists" */ = {
			isa = XCConfigurationList;
			buildConfigurations = (
				DB85DB6C2493D3030049D1A0 /* Debug */,
				DB85DB6D2493D3030049D1A0 /* Release */,
			);
			defaultConfigurationIsVisible = 0;
			defaultConfigurationName = Release;
		};
/* End XCConfigurationList section */
	};
	rootObject = DB85DB4A2493D3020049D1A0 /* Project object */;
}
