// !$*UTF8*$!
{
	archiveVersion = 1;
	classes = {
	};
	objectVersion = 50;
	objects = {

/* Begin PBXBuildFile section */
		EBFEFC472232C2470072EDF1 /* AppDelegate.m in Sources */ = {isa = PBXBuildFile; fileRef = EBFEFC462232C2470072EDF1 /* AppDelegate.m */; };
		EBFEFC4D2232C2470072EDF1 /* Main.storyboard in Resources */ = {isa = PBXBuildFile; fileRef = EBFEFC4B2232C2470072EDF1 /* Main.storyboard */; };
		EBFEFC4F2232C24A0072EDF1 /* Assets.xcassets in Resources */ = {isa = PBXBuildFile; fileRef = EBFEFC4E2232C24A0072EDF1 /* Assets.xcassets */; };
		EBFEFC522232C24A0072EDF1 /* LaunchScreen.storyboard in Resources */ = {isa = PBXBuildFile; fileRef = EBFEFC502232C24A0072EDF1 /* LaunchScreen.storyboard */; };
		EBFEFC552232C24A0072EDF1 /* main.m in Sources */ = {isa = PBXBuildFile; fileRef = EBFEFC542232C24A0072EDF1 /* main.m */; };
		EBFEFC612232C7570072EDF1 /* LSILyricFInderViewController.m in Sources */ = {isa = PBXBuildFile; fileRef = EBFEFC602232C7570072EDF1 /* LSILyricFInderViewController.m */; };
		EBFEFC642232C77C0072EDF1 /* LSILyricFinderTableViewController.m in Sources */ = {isa = PBXBuildFile; fileRef = EBFEFC632232C77C0072EDF1 /* LSILyricFinderTableViewController.m */; };
		EBFEFC672232C9C20072EDF1 /* LSILyric.m in Sources */ = {isa = PBXBuildFile; fileRef = EBFEFC662232C9C20072EDF1 /* LSILyric.m */; };
		EBFEFC6A2232CC510072EDF1 /* LSILyricsController.m in Sources */ = {isa = PBXBuildFile; fileRef = EBFEFC692232CC510072EDF1 /* LSILyricsController.m */; };
		EBFEFC702232CE0F0072EDF1 /* LSILyric+NSJSONSerialization.m in Sources */ = {isa = PBXBuildFile; fileRef = EBFEFC6F2232CE0F0072EDF1 /* LSILyric+NSJSONSerialization.m */; };
/* End PBXBuildFile section */

/* Begin PBXFileReference section */
		EBFEFC422232C2470072EDF1 /* LSILyric FInder.app */ = {isa = PBXFileReference; explicitFileType = wrapper.application; includeInIndex = 0; path = "LSILyric FInder.app"; sourceTree = BUILT_PRODUCTS_DIR; };
		EBFEFC452232C2470072EDF1 /* AppDelegate.h */ = {isa = PBXFileReference; lastKnownFileType = sourcecode.c.h; path = AppDelegate.h; sourceTree = "<group>"; };
		EBFEFC462232C2470072EDF1 /* AppDelegate.m */ = {isa = PBXFileReference; lastKnownFileType = sourcecode.c.objc; path = AppDelegate.m; sourceTree = "<group>"; };
		EBFEFC4C2232C2470072EDF1 /* Base */ = {isa = PBXFileReference; lastKnownFileType = file.storyboard; name = Base; path = Base.lproj/Main.storyboard; sourceTree = "<group>"; };
		EBFEFC4E2232C24A0072EDF1 /* Assets.xcassets */ = {isa = PBXFileReference; lastKnownFileType = folder.assetcatalog; path = Assets.xcassets; sourceTree = "<group>"; };
		EBFEFC512232C24A0072EDF1 /* Base */ = {isa = PBXFileReference; lastKnownFileType = file.storyboard; name = Base; path = Base.lproj/LaunchScreen.storyboard; sourceTree = "<group>"; };
		EBFEFC532232C24A0072EDF1 /* Info.plist */ = {isa = PBXFileReference; lastKnownFileType = text.plist.xml; path = Info.plist; sourceTree = "<group>"; };
		EBFEFC542232C24A0072EDF1 /* main.m */ = {isa = PBXFileReference; lastKnownFileType = sourcecode.c.objc; path = main.m; sourceTree = "<group>"; };
		EBFEFC5F2232C7570072EDF1 /* LSILyricFInderViewController.h */ = {isa = PBXFileReference; lastKnownFileType = sourcecode.c.h; path = LSILyricFInderViewController.h; sourceTree = "<group>"; };
		EBFEFC602232C7570072EDF1 /* LSILyricFInderViewController.m */ = {isa = PBXFileReference; lastKnownFileType = sourcecode.c.objc; path = LSILyricFInderViewController.m; sourceTree = "<group>"; };
		EBFEFC622232C77C0072EDF1 /* LSILyricFinderTableViewController.h */ = {isa = PBXFileReference; lastKnownFileType = sourcecode.c.h; path = LSILyricFinderTableViewController.h; sourceTree = "<group>"; };
		EBFEFC632232C77C0072EDF1 /* LSILyricFinderTableViewController.m */ = {isa = PBXFileReference; lastKnownFileType = sourcecode.c.objc; path = LSILyricFinderTableViewController.m; sourceTree = "<group>"; };
		EBFEFC652232C9C20072EDF1 /* LSILyric.h */ = {isa = PBXFileReference; lastKnownFileType = sourcecode.c.h; path = LSILyric.h; sourceTree = "<group>"; };
		EBFEFC662232C9C20072EDF1 /* LSILyric.m */ = {isa = PBXFileReference; lastKnownFileType = sourcecode.c.objc; path = LSILyric.m; sourceTree = "<group>"; };
		EBFEFC682232CC510072EDF1 /* LSILyricsController.h */ = {isa = PBXFileReference; lastKnownFileType = sourcecode.c.h; path = LSILyricsController.h; sourceTree = "<group>"; };
		EBFEFC692232CC510072EDF1 /* LSILyricsController.m */ = {isa = PBXFileReference; lastKnownFileType = sourcecode.c.objc; path = LSILyricsController.m; sourceTree = "<group>"; };
		EBFEFC6E2232CE0F0072EDF1 /* LSILyric+NSJSONSerialization.h */ = {isa = PBXFileReference; lastKnownFileType = sourcecode.c.h; path = "LSILyric+NSJSONSerialization.h"; sourceTree = "<group>"; };
		EBFEFC6F2232CE0F0072EDF1 /* LSILyric+NSJSONSerialization.m */ = {isa = PBXFileReference; lastKnownFileType = sourcecode.c.objc; path = "LSILyric+NSJSONSerialization.m"; sourceTree = "<group>"; };
/* End PBXFileReference section */

/* Begin PBXFrameworksBuildPhase section */
		EBFEFC3F2232C2470072EDF1 /* Frameworks */ = {
			isa = PBXFrameworksBuildPhase;
			buildActionMask = 2147483647;
			files = (
			);
			runOnlyForDeploymentPostprocessing = 0;
		};
/* End PBXFrameworksBuildPhase section */

/* Begin PBXGroup section */
		EBFEFC392232C2470072EDF1 = {
			isa = PBXGroup;
			children = (
				EBFEFC442232C2470072EDF1 /* LSILyric FInder */,
				EBFEFC432232C2470072EDF1 /* Products */,
			);
			sourceTree = "<group>";
		};
		EBFEFC432232C2470072EDF1 /* Products */ = {
			isa = PBXGroup;
			children = (
				EBFEFC422232C2470072EDF1 /* LSILyric FInder.app */,
			);
			name = Products;
			sourceTree = "<group>";
		};
		EBFEFC442232C2470072EDF1 /* LSILyric FInder */ = {
			isa = PBXGroup;
			children = (
				EBFEFC5E2232C3900072EDF1 /* Resources */,
				EBFEFC5D2232C36B0072EDF1 /* View Controller */,
				EBFEFC5C2232C33F0072EDF1 /* Model */,
				EBFEFC5B2232C3380072EDF1 /* Model Controller */,
				EBFEFC532232C24A0072EDF1 /* Info.plist */,
			);
			path = "LSILyric FInder";
			sourceTree = "<group>";
		};
		EBFEFC5B2232C3380072EDF1 /* Model Controller */ = {
			isa = PBXGroup;
			children = (
				EBFEFC682232CC510072EDF1 /* LSILyricsController.h */,
				EBFEFC692232CC510072EDF1 /* LSILyricsController.m */,
			);
			path = "Model Controller";
			sourceTree = "<group>";
		};
		EBFEFC5C2232C33F0072EDF1 /* Model */ = {
			isa = PBXGroup;
			children = (
				EBFEFC652232C9C20072EDF1 /* LSILyric.h */,
				EBFEFC662232C9C20072EDF1 /* LSILyric.m */,
				EBFEFC6E2232CE0F0072EDF1 /* LSILyric+NSJSONSerialization.h */,
				EBFEFC6F2232CE0F0072EDF1 /* LSILyric+NSJSONSerialization.m */,
			);
			path = Model;
			sourceTree = "<group>";
		};
		EBFEFC5D2232C36B0072EDF1 /* View Controller */ = {
			isa = PBXGroup;
			children = (
				EBFEFC5F2232C7570072EDF1 /* LSILyricFInderViewController.h */,
				EBFEFC602232C7570072EDF1 /* LSILyricFInderViewController.m */,
				EBFEFC622232C77C0072EDF1 /* LSILyricFinderTableViewController.h */,
				EBFEFC632232C77C0072EDF1 /* LSILyricFinderTableViewController.m */,
			);
			path = "View Controller";
			sourceTree = "<group>";
		};
		EBFEFC5E2232C3900072EDF1 /* Resources */ = {
			isa = PBXGroup;
			children = (
				EBFEFC452232C2470072EDF1 /* AppDelegate.h */,
				EBFEFC462232C2470072EDF1 /* AppDelegate.m */,
				EBFEFC4B2232C2470072EDF1 /* Main.storyboard */,
				EBFEFC4E2232C24A0072EDF1 /* Assets.xcassets */,
				EBFEFC502232C24A0072EDF1 /* LaunchScreen.storyboard */,
				EBFEFC542232C24A0072EDF1 /* main.m */,
			);
			path = Resources;
			sourceTree = "<group>";
		};
/* End PBXGroup section */

/* Begin PBXNativeTarget section */
		EBFEFC412232C2470072EDF1 /* LSILyric FInder */ = {
			isa = PBXNativeTarget;
			buildConfigurationList = EBFEFC582232C24A0072EDF1 /* Build configuration list for PBXNativeTarget "LSILyric FInder" */;
			buildPhases = (
				EBFEFC3E2232C2470072EDF1 /* Sources */,
				EBFEFC3F2232C2470072EDF1 /* Frameworks */,
				EBFEFC402232C2470072EDF1 /* Resources */,
			);
			buildRules = (
			);
			dependencies = (
			);
			name = "LSILyric FInder";
			productName = "LSILyric FInder";
			productReference = EBFEFC422232C2470072EDF1 /* LSILyric FInder.app */;
			productType = "com.apple.product-type.application";
		};
/* End PBXNativeTarget section */

/* Begin PBXProject section */
		EBFEFC3A2232C2470072EDF1 /* Project object */ = {
			isa = PBXProject;
			attributes = {
				LastUpgradeCheck = 1010;
				ORGANIZATIONNAME = "Iyin Raphael";
				TargetAttributes = {
					EBFEFC412232C2470072EDF1 = {
						CreatedOnToolsVersion = 10.1;
					};
				};
			};
			buildConfigurationList = EBFEFC3D2232C2470072EDF1 /* Build configuration list for PBXProject "LSILyric FInder" */;
			compatibilityVersion = "Xcode 9.3";
			developmentRegion = en;
			hasScannedForEncodings = 0;
			knownRegions = (
				en,
				Base,
			);
			mainGroup = EBFEFC392232C2470072EDF1;
			productRefGroup = EBFEFC432232C2470072EDF1 /* Products */;
			projectDirPath = "";
			projectRoot = "";
			targets = (
				EBFEFC412232C2470072EDF1 /* LSILyric FInder */,
			);
		};
/* End PBXProject section */

/* Begin PBXResourcesBuildPhase section */
		EBFEFC402232C2470072EDF1 /* Resources */ = {
			isa = PBXResourcesBuildPhase;
			buildActionMask = 2147483647;
			files = (
				EBFEFC522232C24A0072EDF1 /* LaunchScreen.storyboard in Resources */,
				EBFEFC4F2232C24A0072EDF1 /* Assets.xcassets in Resources */,
				EBFEFC4D2232C2470072EDF1 /* Main.storyboard in Resources */,
			);
			runOnlyForDeploymentPostprocessing = 0;
		};
/* End PBXResourcesBuildPhase section */

/* Begin PBXSourcesBuildPhase section */
		EBFEFC3E2232C2470072EDF1 /* Sources */ = {
			isa = PBXSourcesBuildPhase;
			buildActionMask = 2147483647;
			files = (
				EBFEFC642232C77C0072EDF1 /* LSILyricFinderTableViewController.m in Sources */,
				EBFEFC672232C9C20072EDF1 /* LSILyric.m in Sources */,
				EBFEFC552232C24A0072EDF1 /* main.m in Sources */,
				EBFEFC472232C2470072EDF1 /* AppDelegate.m in Sources */,
				EBFEFC702232CE0F0072EDF1 /* LSILyric+NSJSONSerialization.m in Sources */,
				EBFEFC6A2232CC510072EDF1 /* LSILyricsController.m in Sources */,
				EBFEFC612232C7570072EDF1 /* LSILyricFInderViewController.m in Sources */,
			);
			runOnlyForDeploymentPostprocessing = 0;
		};
/* End PBXSourcesBuildPhase section */

/* Begin PBXVariantGroup section */
		EBFEFC4B2232C2470072EDF1 /* Main.storyboard */ = {
			isa = PBXVariantGroup;
			children = (
				EBFEFC4C2232C2470072EDF1 /* Base */,
			);
			name = Main.storyboard;
			sourceTree = "<group>";
		};
		EBFEFC502232C24A0072EDF1 /* LaunchScreen.storyboard */ = {
			isa = PBXVariantGroup;
			children = (
				EBFEFC512232C24A0072EDF1 /* Base */,
			);
			name = LaunchScreen.storyboard;
			sourceTree = "<group>";
		};
/* End PBXVariantGroup section */

/* Begin XCBuildConfiguration section */
		EBFEFC562232C24A0072EDF1 /* Debug */ = {
			isa = XCBuildConfiguration;
			buildSettings = {
				ALWAYS_SEARCH_USER_PATHS = NO;
				CLANG_ANALYZER_NONNULL = YES;
				CLANG_ANALYZER_NUMBER_OBJECT_CONVERSION = YES_AGGRESSIVE;
				CLANG_CXX_LANGUAGE_STANDARD = "gnu++14";
				CLANG_CXX_LIBRARY = "libc++";
				CLANG_ENABLE_MODULES = YES;
				CLANG_ENABLE_OBJC_ARC = YES;
				CLANG_ENABLE_OBJC_WEAK = YES;
				CLANG_WARN_BLOCK_CAPTURE_AUTORELEASING = YES;
				CLANG_WARN_BOOL_CONVERSION = YES;
				CLANG_WARN_COMMA = YES;
				CLANG_WARN_CONSTANT_CONVERSION = YES;
				CLANG_WARN_DEPRECATED_OBJC_IMPLEMENTATIONS = YES;
				CLANG_WARN_DIRECT_OBJC_ISA_USAGE = YES_ERROR;
				CLANG_WARN_DOCUMENTATION_COMMENTS = YES;
				CLANG_WARN_EMPTY_BODY = YES;
				CLANG_WARN_ENUM_CONVERSION = YES;
				CLANG_WARN_INFINITE_RECURSION = YES;
				CLANG_WARN_INT_CONVERSION = YES;
				CLANG_WARN_NON_LITERAL_NULL_CONVERSION = YES;
				CLANG_WARN_OBJC_IMPLICIT_RETAIN_SELF = YES;
				CLANG_WARN_OBJC_LITERAL_CONVERSION = YES;
				CLANG_WARN_OBJC_ROOT_CLASS = YES_ERROR;
				CLANG_WARN_RANGE_LOOP_ANALYSIS = YES;
				CLANG_WARN_STRICT_PROTOTYPES = YES;
				CLANG_WARN_SUSPICIOUS_MOVE = YES;
				CLANG_WARN_UNGUARDED_AVAILABILITY = YES_AGGRESSIVE;
				CLANG_WARN_UNREACHABLE_CODE = YES;
				CLANG_WARN__DUPLICATE_METHOD_MATCH = YES;
				CODE_SIGN_IDENTITY = "iPhone Developer";
				COPY_PHASE_STRIP = NO;
				DEBUG_INFORMATION_FORMAT = dwarf;
				ENABLE_STRICT_OBJC_MSGSEND = YES;
				ENABLE_TESTABILITY = YES;
				GCC_C_LANGUAGE_STANDARD = gnu11;
				GCC_DYNAMIC_NO_PIC = NO;
				GCC_NO_COMMON_BLOCKS = YES;
				GCC_OPTIMIZATION_LEVEL = 0;
				GCC_PREPROCESSOR_DEFINITIONS = (
					"DEBUG=1",
					"$(inherited)",
				);
				GCC_WARN_64_TO_32_BIT_CONVERSION = YES;
				GCC_WARN_ABOUT_RETURN_TYPE = YES_ERROR;
				GCC_WARN_UNDECLARED_SELECTOR = YES;
				GCC_WARN_UNINITIALIZED_AUTOS = YES_AGGRESSIVE;
				GCC_WARN_UNUSED_FUNCTION = YES;
				GCC_WARN_UNUSED_VARIABLE = YES;
				IPHONEOS_DEPLOYMENT_TARGET = 12.1;
				MTL_ENABLE_DEBUG_INFO = INCLUDE_SOURCE;
				MTL_FAST_MATH = YES;
				ONLY_ACTIVE_ARCH = YES;
				SDKROOT = iphoneos;
			};
			name = Debug;
		};
		EBFEFC572232C24A0072EDF1 /* Release */ = {
			isa = XCBuildConfiguration;
			buildSettings = {
				ALWAYS_SEARCH_USER_PATHS = NO;
				CLANG_ANALYZER_NONNULL = YES;
				CLANG_ANALYZER_NUMBER_OBJECT_CONVERSION = YES_AGGRESSIVE;
				CLANG_CXX_LANGUAGE_STANDARD = "gnu++14";
				CLANG_CXX_LIBRARY = "libc++";
				CLANG_ENABLE_MODULES = YES;
				CLANG_ENABLE_OBJC_ARC = YES;
				CLANG_ENABLE_OBJC_WEAK = YES;
				CLANG_WARN_BLOCK_CAPTURE_AUTORELEASING = YES;
				CLANG_WARN_BOOL_CONVERSION = YES;
				CLANG_WARN_COMMA = YES;
				CLANG_WARN_CONSTANT_CONVERSION = YES;
				CLANG_WARN_DEPRECATED_OBJC_IMPLEMENTATIONS = YES;
				CLANG_WARN_DIRECT_OBJC_ISA_USAGE = YES_ERROR;
				CLANG_WARN_DOCUMENTATION_COMMENTS = YES;
				CLANG_WARN_EMPTY_BODY = YES;
				CLANG_WARN_ENUM_CONVERSION = YES;
				CLANG_WARN_INFINITE_RECURSION = YES;
				CLANG_WARN_INT_CONVERSION = YES;
				CLANG_WARN_NON_LITERAL_NULL_CONVERSION = YES;
				CLANG_WARN_OBJC_IMPLICIT_RETAIN_SELF = YES;
				CLANG_WARN_OBJC_LITERAL_CONVERSION = YES;
				CLANG_WARN_OBJC_ROOT_CLASS = YES_ERROR;
				CLANG_WARN_RANGE_LOOP_ANALYSIS = YES;
				CLANG_WARN_STRICT_PROTOTYPES = YES;
				CLANG_WARN_SUSPICIOUS_MOVE = YES;
				CLANG_WARN_UNGUARDED_AVAILABILITY = YES_AGGRESSIVE;
				CLANG_WARN_UNREACHABLE_CODE = YES;
				CLANG_WARN__DUPLICATE_METHOD_MATCH = YES;
				CODE_SIGN_IDENTITY = "iPhone Developer";
				COPY_PHASE_STRIP = NO;
				DEBUG_INFORMATION_FORMAT = "dwarf-with-dsym";
				ENABLE_NS_ASSERTIONS = NO;
				ENABLE_STRICT_OBJC_MSGSEND = YES;
				GCC_C_LANGUAGE_STANDARD = gnu11;
				GCC_NO_COMMON_BLOCKS = YES;
				GCC_WARN_64_TO_32_BIT_CONVERSION = YES;
				GCC_WARN_ABOUT_RETURN_TYPE = YES_ERROR;
				GCC_WARN_UNDECLARED_SELECTOR = YES;
				GCC_WARN_UNINITIALIZED_AUTOS = YES_AGGRESSIVE;
				GCC_WARN_UNUSED_FUNCTION = YES;
				GCC_WARN_UNUSED_VARIABLE = YES;
				IPHONEOS_DEPLOYMENT_TARGET = 12.1;
				MTL_ENABLE_DEBUG_INFO = NO;
				MTL_FAST_MATH = YES;
				SDKROOT = iphoneos;
				VALIDATE_PRODUCT = YES;
			};
			name = Release;
		};
		EBFEFC592232C24A0072EDF1 /* Debug */ = {
			isa = XCBuildConfiguration;
			buildSettings = {
				ASSETCATALOG_COMPILER_APPICON_NAME = AppIcon;
				CODE_SIGN_STYLE = Automatic;
				INFOPLIST_FILE = "LSILyric FInder/Info.plist";
				LD_RUNPATH_SEARCH_PATHS = (
					"$(inherited)",
					"@executable_path/Frameworks",
				);
				PRODUCT_BUNDLE_IDENTIFIER = "com.iyinraphael.LSILyric-FInder";
				PRODUCT_NAME = "$(TARGET_NAME)";
				TARGETED_DEVICE_FAMILY = "1,2";
			};
			name = Debug;
		};
		EBFEFC5A2232C24A0072EDF1 /* Release */ = {
			isa = XCBuildConfiguration;
			buildSettings = {
				ASSETCATALOG_COMPILER_APPICON_NAME = AppIcon;
				CODE_SIGN_STYLE = Automatic;
				INFOPLIST_FILE = "LSILyric FInder/Info.plist";
				LD_RUNPATH_SEARCH_PATHS = (
					"$(inherited)",
					"@executable_path/Frameworks",
				);
				PRODUCT_BUNDLE_IDENTIFIER = "com.iyinraphael.LSILyric-FInder";
				PRODUCT_NAME = "$(TARGET_NAME)";
				TARGETED_DEVICE_FAMILY = "1,2";
			};
			name = Release;
		};
/* End XCBuildConfiguration section */

/* Begin XCConfigurationList section */
		EBFEFC3D2232C2470072EDF1 /* Build configuration list for PBXProject "LSILyric FInder" */ = {
			isa = XCConfigurationList;
			buildConfigurations = (
				EBFEFC562232C24A0072EDF1 /* Debug */,
				EBFEFC572232C24A0072EDF1 /* Release */,
			);
			defaultConfigurationIsVisible = 0;
			defaultConfigurationName = Release;
		};
		EBFEFC582232C24A0072EDF1 /* Build configuration list for PBXNativeTarget "LSILyric FInder" */ = {
			isa = XCConfigurationList;
			buildConfigurations = (
				EBFEFC592232C24A0072EDF1 /* Debug */,
				EBFEFC5A2232C24A0072EDF1 /* Release */,
			);
			defaultConfigurationIsVisible = 0;
			defaultConfigurationName = Release;
		};
/* End XCConfigurationList section */
	};
	rootObject = EBFEFC3A2232C2470072EDF1 /* Project object */;
}
